
Microsoft Visual Studio Solution File, Format Version 12.00
# Visual Studio 15
Project("{FAE04EC0-301F-11D3-BF4B-00C04F79EFBC}") = "Unity.XR.Interaction.Toolkit.Samples.StarterAssets", "Unity.XR.Interaction.Toolkit.Samples.StarterAssets.csproj", "{D046342C-1296-23B2-3130-7AE3142FD76D}"
EndProject
Project("{FAE04EC0-301F-11D3-BF4B-00C04F79EFBC}") = "Unity.XR.Interaction.Toolkit.Samples.ARStarterAssets", "Unity.XR.Interaction.Toolkit.Samples.ARStarterAssets.csproj", "{A4A95DD9-C8FE-5628-DBFD-7B0F28BC6943}"
EndProject
Project("{FAE04EC0-301F-11D3-BF4B-00C04F79EFBC}") = "Assembly-CSharp", "Assembly-CSharp.csproj", "{A96407D5-3CBA-183D-213D-4E0F435FECF4}"
EndProject
Project("{FAE04EC0-301F-11D3-BF4B-00C04F79EFBC}") = "Unity.XR.Interaction.Toolkit.Samples.ARStarterAssets.Editor", "Unity.XR.Interaction.Toolkit.Samples.ARStarterAssets.Editor.csproj", "{7A94E417-AE23-EF95-BC19-14B2642BB047}"
EndProject
Project("{FAE04EC0-301F-11D3-BF4B-00C04F79EFBC}") = "Unity.XR.Interaction.Toolkit.Samples.StarterAssets.Editor", "Unity.XR.Interaction.Toolkit.Samples.StarterAssets.Editor.csproj", "{D02755B2-9ECB-6AC9-82EC-166F7F1A122C}"
EndProject
Global
	GlobalSection(SolutionConfigurationPlatforms) = preSolution
		Debug|Any CPU = Debug|Any CPU
		Release|Any CPU = Release|Any CPU
	EndGlobalSection
	GlobalSection(ProjectConfigurationPlatforms) = postSolution
		{D046342C-1296-23B2-3130-7AE3142FD76D}.Debug|Any CPU.ActiveCfg = Debug|Any CPU
		{D046342C-1296-23B2-3130-7AE3142FD76D}.Debug|Any CPU.Build.0 = Debug|Any CPU
		{D046342C-1296-23B2-3130-7AE3142FD76D}.Release|Any CPU.ActiveCfg = Release|Any CPU
		{D046342C-1296-23B2-3130-7AE3142FD76D}.Release|Any CPU.Build.0 = Release|Any CPU
		{A4A95DD9-C8FE-5628-DBFD-7B0F28BC6943}.Debug|Any CPU.ActiveCfg = Debug|Any CPU
		{A4A95DD9-C8FE-5628-DBFD-7B0F28BC6943}.Debug|Any CPU.Build.0 = Debug|Any CPU
		{A4A95DD9-C8FE-5628-DBFD-7B0F28BC6943}.Release|Any CPU.ActiveCfg = Release|Any CPU
		{A4A95DD9-C8FE-5628-DBFD-7B0F28BC6943}.Release|Any CPU.Build.0 = Release|Any CPU
		{A96407D5-3CBA-183D-213D-4E0F435FECF4}.Debug|Any CPU.ActiveCfg = Debug|Any CPU
		{A96407D5-3CBA-183D-213D-4E0F435FECF4}.Debug|Any CPU.Build.0 = Debug|Any CPU
		{A96407D5-3CBA-183D-213D-4E0F435FECF4}.Release|Any CPU.ActiveCfg = Release|Any CPU
		{A96407D5-3CBA-183D-213D-4E0F435FECF4}.Release|Any CPU.Build.0 = Release|Any CPU
		{7A94E417-AE23-EF95-BC19-14B2642BB047}.Debug|Any CPU.ActiveCfg = Debug|Any CPU
		{7A94E417-AE23-EF95-BC19-14B2642BB047}.Debug|Any CPU.Build.0 = Debug|Any CPU
		{7A94E417-AE23-EF95-BC19-14B2642BB047}.Release|Any CPU.ActiveCfg = Release|Any CPU
		{7A94E417-AE23-EF95-BC19-14B2642BB047}.Release|Any CPU.Build.0 = Release|Any CPU
		{D02755B2-9ECB-6AC9-82EC-166F7F1A122C}.Debug|Any CPU.ActiveCfg = Debug|Any CPU
		{D02755B2-9ECB-6AC9-82EC-166F7F1A122C}.Debug|Any CPU.Build.0 = Debug|Any CPU
		{D02755B2-9ECB-6AC9-82EC-166F7F1A122C}.Release|Any CPU.ActiveCfg = Release|Any CPU
		{D02755B2-9ECB-6AC9-82EC-166F7F1A122C}.Release|Any CPU.Build.0 = Release|Any CPU
	EndGlobalSection
	GlobalSection(SolutionProperties) = preSolution
		HideSolutionNode = FALSE
	EndGlobalSection
EndGlobal
