
Microsoft Visual Studio Solution File, Format Version 12.00
# Visual Studio 15
Project("{FAE04EC0-301F-11D3-BF4B-00C04F79EFBC}") = "Assembly-CSharp-Editor", "Assembly-CSharp-Editor.csproj", "{FBACF4B5-9D99-009A-C343-2C8313CE2783}"
EndProject
Project("{FAE04EC0-301F-11D3-BF4B-00C04F79EFBC}") = "Assembly-CSharp", "Assembly-CSharp.csproj", "{602BBE73-FF30-3872-E9AD-0D50F863558D}"
EndProject
Global
	GlobalSection(SolutionConfigurationPlatforms) = preSolution
		Debug|Any CPU = Debug|Any CPU
		Release|Any CPU = Release|Any CPU
	EndGlobalSection
	GlobalSection(ProjectConfigurationPlatforms) = postSolution
		{FBACF4B5-9D99-009A-C343-2C8313CE2783}.Debug|Any CPU.ActiveCfg = Debug|Any CPU
		{FBACF4B5-9D99-009A-C343-2C8313CE2783}.Debug|Any CPU.Build.0 = Debug|Any CPU
		{FBACF4B5-9D99-009A-C343-2C8313CE2783}.Release|Any CPU.ActiveCfg = Release|Any CPU
		{FBACF4B5-9D99-009A-C343-2C8313CE2783}.Release|Any CPU.Build.0 = Release|Any CPU
		{602BBE73-FF30-3872-E9AD-0D50F863558D}.Debug|Any CPU.ActiveCfg = Debug|Any CPU
		{602BBE73-FF30-3872-E9AD-0D50F863558D}.Debug|Any CPU.Build.0 = Debug|Any CPU
		{602BBE73-FF30-3872-E9AD-0D50F863558D}.Release|Any CPU.ActiveCfg = Release|Any CPU
		{602BBE73-FF30-3872-E9AD-0D50F863558D}.Release|Any CPU.Build.0 = Release|Any CPU
	EndGlobalSection
	GlobalSection(SolutionProperties) = preSolution
		HideSolutionNode = FALSE
	EndGlobalSection
EndGlobal
